// !$*UTF8*$!
{
	archiveVersion = 1;
	classes = {
	};
	objectVersion = 50;
	objects = {

/* Begin PBXBuildFile section */
		4940217A24A9060900AD26D6 /* ServiceRowView.swift in Sources */ = {isa = PBXBuildFile; fileRef = 4940217924A9060900AD26D6 /* ServiceRowView.swift */; };
		4942E14324A671570010733F /* DepartureDetails.swift in Sources */ = {isa = PBXBuildFile; fileRef = 4942E14224A671570010733F /* DepartureDetails.swift */; };
		495228FA24A8446800E7431F /* Helpers.swift in Sources */ = {isa = PBXBuildFile; fileRef = 495228F924A8446800E7431F /* Helpers.swift */; };
		497001AF24A2717500EEF7C2 /* Metro Finder WatchKit App.app in Embed Watch Content */ = {isa = PBXBuildFile; fileRef = 497001AE24A2717500EEF7C2 /* Metro Finder WatchKit App.app */; settings = {ATTRIBUTES = (RemoveHeadersOnCopy, ); }; };
		497001B424A2717700EEF7C2 /* Assets.xcassets in Resources */ = {isa = PBXBuildFile; fileRef = 497001B324A2717700EEF7C2 /* Assets.xcassets */; };
		497001BB24A2717700EEF7C2 /* Metro Finder WatchKit Extension.appex in Embed App Extensions */ = {isa = PBXBuildFile; fileRef = 497001BA24A2717700EEF7C2 /* Metro Finder WatchKit Extension.appex */; settings = {ATTRIBUTES = (RemoveHeadersOnCopy, ); }; };
		497001C024A2717700EEF7C2 /* Metro_FinderApp.swift in Sources */ = {isa = PBXBuildFile; fileRef = 497001BF24A2717700EEF7C2 /* Metro_FinderApp.swift */; };
		497001C224A2717700EEF7C2 /* ContentView.swift in Sources */ = {isa = PBXBuildFile; fileRef = 497001C124A2717700EEF7C2 /* ContentView.swift */; };
		497001C424A2717700EEF7C2 /* NotificationController.swift in Sources */ = {isa = PBXBuildFile; fileRef = 497001C324A2717700EEF7C2 /* NotificationController.swift */; };
		497001C624A2717700EEF7C2 /* NotificationView.swift in Sources */ = {isa = PBXBuildFile; fileRef = 497001C524A2717700EEF7C2 /* NotificationView.swift */; };
		497001C824A2717700EEF7C2 /* ComplicationController.swift in Sources */ = {isa = PBXBuildFile; fileRef = 497001C724A2717700EEF7C2 /* ComplicationController.swift */; };
		497001CA24A2717800EEF7C2 /* Assets.xcassets in Resources */ = {isa = PBXBuildFile; fileRef = 497001C924A2717800EEF7C2 /* Assets.xcassets */; };
		497001CD24A2717800EEF7C2 /* Preview Assets.xcassets in Resources */ = {isa = PBXBuildFile; fileRef = 497001CC24A2717800EEF7C2 /* Preview Assets.xcassets */; };
		49FC537824A7EA8000DE6FBF /* TimetableView.swift in Sources */ = {isa = PBXBuildFile; fileRef = 49FC537724A7EA8000DE6FBF /* TimetableView.swift */; };
/* End PBXBuildFile section */

/* Begin PBXContainerItemProxy section */
		497001B024A2717500EEF7C2 /* PBXContainerItemProxy */ = {
			isa = PBXContainerItemProxy;
			containerPortal = 497001A424A2717400EEF7C2 /* Project object */;
			proxyType = 1;
			remoteGlobalIDString = 497001AD24A2717500EEF7C2;
			remoteInfo = "Metro Finder WatchKit App";
		};
		497001BC24A2717700EEF7C2 /* PBXContainerItemProxy */ = {
			isa = PBXContainerItemProxy;
			containerPortal = 497001A424A2717400EEF7C2 /* Project object */;
			proxyType = 1;
			remoteGlobalIDString = 497001B924A2717700EEF7C2;
			remoteInfo = "Metro Finder WatchKit Extension";
		};
/* End PBXContainerItemProxy section */

/* Begin PBXCopyFilesBuildPhase section */
		497001D524A2717800EEF7C2 /* Embed App Extensions */ = {
			isa = PBXCopyFilesBuildPhase;
			buildActionMask = 2147483647;
			dstPath = "";
			dstSubfolderSpec = 13;
			files = (
				497001BB24A2717700EEF7C2 /* Metro Finder WatchKit Extension.appex in Embed App Extensions */,
			);
			name = "Embed App Extensions";
			runOnlyForDeploymentPostprocessing = 0;
		};
		497001D924A2717800EEF7C2 /* Embed Watch Content */ = {
			isa = PBXCopyFilesBuildPhase;
			buildActionMask = 2147483647;
			dstPath = "$(CONTENTS_FOLDER_PATH)/Watch";
			dstSubfolderSpec = 16;
			files = (
				497001AF24A2717500EEF7C2 /* Metro Finder WatchKit App.app in Embed Watch Content */,
			);
			name = "Embed Watch Content";
			runOnlyForDeploymentPostprocessing = 0;
		};
/* End PBXCopyFilesBuildPhase section */

/* Begin PBXFileReference section */
		4940217924A9060900AD26D6 /* ServiceRowView.swift */ = {isa = PBXFileReference; lastKnownFileType = sourcecode.swift; path = ServiceRowView.swift; sourceTree = "<group>"; };
		4942E14224A671570010733F /* DepartureDetails.swift */ = {isa = PBXFileReference; lastKnownFileType = sourcecode.swift; path = DepartureDetails.swift; sourceTree = "<group>"; };
		495228F924A8446800E7431F /* Helpers.swift */ = {isa = PBXFileReference; lastKnownFileType = sourcecode.swift; path = Helpers.swift; sourceTree = "<group>"; };
		497001AA24A2717500EEF7C2 /* Metro Finder.app */ = {isa = PBXFileReference; explicitFileType = wrapper.application; includeInIndex = 0; path = "Metro Finder.app"; sourceTree = BUILT_PRODUCTS_DIR; };
		497001AE24A2717500EEF7C2 /* Metro Finder WatchKit App.app */ = {isa = PBXFileReference; explicitFileType = wrapper.application; includeInIndex = 0; path = "Metro Finder WatchKit App.app"; sourceTree = BUILT_PRODUCTS_DIR; };
		497001B324A2717700EEF7C2 /* Assets.xcassets */ = {isa = PBXFileReference; lastKnownFileType = folder.assetcatalog; path = Assets.xcassets; sourceTree = "<group>"; };
		497001B524A2717700EEF7C2 /* Info.plist */ = {isa = PBXFileReference; lastKnownFileType = text.plist.xml; path = Info.plist; sourceTree = "<group>"; };
		497001BA24A2717700EEF7C2 /* Metro Finder WatchKit Extension.appex */ = {isa = PBXFileReference; explicitFileType = "wrapper.app-extension"; includeInIndex = 0; path = "Metro Finder WatchKit Extension.appex"; sourceTree = BUILT_PRODUCTS_DIR; };
		497001BF24A2717700EEF7C2 /* Metro_FinderApp.swift */ = {isa = PBXFileReference; lastKnownFileType = sourcecode.swift; path = Metro_FinderApp.swift; sourceTree = "<group>"; };
		497001C124A2717700EEF7C2 /* ContentView.swift */ = {isa = PBXFileReference; lastKnownFileType = sourcecode.swift; path = ContentView.swift; sourceTree = "<group>"; };
		497001C324A2717700EEF7C2 /* NotificationController.swift */ = {isa = PBXFileReference; lastKnownFileType = sourcecode.swift; path = NotificationController.swift; sourceTree = "<group>"; };
		497001C524A2717700EEF7C2 /* NotificationView.swift */ = {isa = PBXFileReference; lastKnownFileType = sourcecode.swift; path = NotificationView.swift; sourceTree = "<group>"; };
		497001C724A2717700EEF7C2 /* ComplicationController.swift */ = {isa = PBXFileReference; lastKnownFileType = sourcecode.swift; path = ComplicationController.swift; sourceTree = "<group>"; };
		497001C924A2717800EEF7C2 /* Assets.xcassets */ = {isa = PBXFileReference; lastKnownFileType = folder.assetcatalog; path = Assets.xcassets; sourceTree = "<group>"; };
		497001CC24A2717800EEF7C2 /* Preview Assets.xcassets */ = {isa = PBXFileReference; lastKnownFileType = folder.assetcatalog; path = "Preview Assets.xcassets"; sourceTree = "<group>"; };
		497001CE24A2717800EEF7C2 /* Info.plist */ = {isa = PBXFileReference; lastKnownFileType = text.plist.xml; path = Info.plist; sourceTree = "<group>"; };
		497001CF24A2717800EEF7C2 /* PushNotificationPayload.apns */ = {isa = PBXFileReference; lastKnownFileType = text; path = PushNotificationPayload.apns; sourceTree = "<group>"; };
		49FC537724A7EA8000DE6FBF /* TimetableView.swift */ = {isa = PBXFileReference; lastKnownFileType = sourcecode.swift; path = TimetableView.swift; sourceTree = "<group>"; };
/* End PBXFileReference section */

/* Begin PBXFrameworksBuildPhase section */
		497001B724A2717700EEF7C2 /* Frameworks */ = {
			isa = PBXFrameworksBuildPhase;
			buildActionMask = 2147483647;
			files = (
			);
			runOnlyForDeploymentPostprocessing = 0;
		};
/* End PBXFrameworksBuildPhase section */

/* Begin PBXGroup section */
		4942E14124A671330010733F /* Models */ = {
			isa = PBXGroup;
			children = (
				4942E14224A671570010733F /* DepartureDetails.swift */,
			);
			path = Models;
			sourceTree = "<group>";
		};
		4942E14424A671B10010733F /* Views */ = {
			isa = PBXGroup;
			children = (
				497001C124A2717700EEF7C2 /* ContentView.swift */,
				49FC537724A7EA8000DE6FBF /* TimetableView.swift */,
				4940217924A9060900AD26D6 /* ServiceRowView.swift */,
			);
			path = Views;
			sourceTree = "<group>";
		};
		495228F824A8445300E7431F /* Helpers */ = {
			isa = PBXGroup;
			children = (
				495228F924A8446800E7431F /* Helpers.swift */,
			);
			path = Helpers;
			sourceTree = "<group>";
		};
		497001A324A2717400EEF7C2 = {
			isa = PBXGroup;
			children = (
				497001B224A2717500EEF7C2 /* Metro Finder WatchKit App */,
				497001BE24A2717700EEF7C2 /* Metro Finder WatchKit Extension */,
				497001AB24A2717500EEF7C2 /* Products */,
				49FC537B24A7F5A900DE6FBF /* Frameworks */,
			);
			sourceTree = "<group>";
		};
		497001AB24A2717500EEF7C2 /* Products */ = {
			isa = PBXGroup;
			children = (
				497001AA24A2717500EEF7C2 /* Metro Finder.app */,
				497001AE24A2717500EEF7C2 /* Metro Finder WatchKit App.app */,
				497001BA24A2717700EEF7C2 /* Metro Finder WatchKit Extension.appex */,
			);
			name = Products;
			sourceTree = "<group>";
		};
		497001B224A2717500EEF7C2 /* Metro Finder WatchKit App */ = {
			isa = PBXGroup;
			children = (
				497001B324A2717700EEF7C2 /* Assets.xcassets */,
				497001B524A2717700EEF7C2 /* Info.plist */,
			);
			path = "Metro Finder WatchKit App";
			sourceTree = "<group>";
		};
		497001BE24A2717700EEF7C2 /* Metro Finder WatchKit Extension */ = {
			isa = PBXGroup;
			children = (
				495228F824A8445300E7431F /* Helpers */,
				4942E14124A671330010733F /* Models */,
				4942E14424A671B10010733F /* Views */,
				497001BF24A2717700EEF7C2 /* Metro_FinderApp.swift */,
				497001C324A2717700EEF7C2 /* NotificationController.swift */,
				497001C524A2717700EEF7C2 /* NotificationView.swift */,
				497001C724A2717700EEF7C2 /* ComplicationController.swift */,
				497001C924A2717800EEF7C2 /* Assets.xcassets */,
				497001CE24A2717800EEF7C2 /* Info.plist */,
				497001CF24A2717800EEF7C2 /* PushNotificationPayload.apns */,
				497001CB24A2717800EEF7C2 /* Preview Content */,
			);
			path = "Metro Finder WatchKit Extension";
			sourceTree = "<group>";
		};
		497001CB24A2717800EEF7C2 /* Preview Content */ = {
			isa = PBXGroup;
			children = (
				497001CC24A2717800EEF7C2 /* Preview Assets.xcassets */,
			);
			path = "Preview Content";
			sourceTree = "<group>";
		};
		49FC537B24A7F5A900DE6FBF /* Frameworks */ = {
			isa = PBXGroup;
			children = (
			);
			name = Frameworks;
			sourceTree = "<group>";
		};
/* End PBXGroup section */

/* Begin PBXNativeTarget section */
		497001A924A2717500EEF7C2 /* Metro Finder */ = {
			isa = PBXNativeTarget;
			buildConfigurationList = 497001DA24A2717800EEF7C2 /* Build configuration list for PBXNativeTarget "Metro Finder" */;
			buildPhases = (
				497001A824A2717500EEF7C2 /* Resources */,
				497001D924A2717800EEF7C2 /* Embed Watch Content */,
			);
			buildRules = (
			);
			dependencies = (
				497001B124A2717500EEF7C2 /* PBXTargetDependency */,
			);
			name = "Metro Finder";
			packageProductDependencies = (
			);
			productName = "Metro Finder";
			productReference = 497001AA24A2717500EEF7C2 /* Metro Finder.app */;
			productType = "com.apple.product-type.application.watchapp2-container";
		};
		497001AD24A2717500EEF7C2 /* Metro Finder WatchKit App */ = {
			isa = PBXNativeTarget;
			buildConfigurationList = 497001D624A2717800EEF7C2 /* Build configuration list for PBXNativeTarget "Metro Finder WatchKit App" */;
			buildPhases = (
				497001AC24A2717500EEF7C2 /* Resources */,
				497001D524A2717800EEF7C2 /* Embed App Extensions */,
			);
			buildRules = (
			);
			dependencies = (
				497001BD24A2717700EEF7C2 /* PBXTargetDependency */,
			);
			name = "Metro Finder WatchKit App";
			productName = "Metro Finder WatchKit App";
			productReference = 497001AE24A2717500EEF7C2 /* Metro Finder WatchKit App.app */;
			productType = "com.apple.product-type.application.watchapp2";
		};
		497001B924A2717700EEF7C2 /* Metro Finder WatchKit Extension */ = {
			isa = PBXNativeTarget;
			buildConfigurationList = 497001D224A2717800EEF7C2 /* Build configuration list for PBXNativeTarget "Metro Finder WatchKit Extension" */;
			buildPhases = (
				497001B624A2717700EEF7C2 /* Sources */,
				497001B724A2717700EEF7C2 /* Frameworks */,
				497001B824A2717700EEF7C2 /* Resources */,
			);
			buildRules = (
			);
			dependencies = (
			);
			name = "Metro Finder WatchKit Extension";
			packageProductDependencies = (
			);
			productName = "Metro Finder WatchKit Extension";
			productReference = 497001BA24A2717700EEF7C2 /* Metro Finder WatchKit Extension.appex */;
			productType = "com.apple.product-type.watchkit2-extension";
		};
/* End PBXNativeTarget section */

/* Begin PBXProject section */
		497001A424A2717400EEF7C2 /* Project object */ = {
			isa = PBXProject;
			attributes = {
				LastSwiftUpdateCheck = 1200;
				LastUpgradeCheck = 1200;
				TargetAttributes = {
					497001A924A2717500EEF7C2 = {
						CreatedOnToolsVersion = 12.0;
					};
					497001AD24A2717500EEF7C2 = {
						CreatedOnToolsVersion = 12.0;
					};
					497001B924A2717700EEF7C2 = {
						CreatedOnToolsVersion = 12.0;
					};
				};
			};
			buildConfigurationList = 497001A724A2717400EEF7C2 /* Build configuration list for PBXProject "Metro Finder" */;
			compatibilityVersion = "Xcode 9.3";
			developmentRegion = en;
			hasScannedForEncodings = 0;
			knownRegions = (
				en,
				Base,
			);
			mainGroup = 497001A324A2717400EEF7C2;
			packageReferences = (
			);
			productRefGroup = 497001AB24A2717500EEF7C2 /* Products */;
			projectDirPath = "";
			projectRoot = "";
			targets = (
				497001A924A2717500EEF7C2 /* Metro Finder */,
				497001AD24A2717500EEF7C2 /* Metro Finder WatchKit App */,
				497001B924A2717700EEF7C2 /* Metro Finder WatchKit Extension */,
			);
		};
/* End PBXProject section */

/* Begin PBXResourcesBuildPhase section */
		497001A824A2717500EEF7C2 /* Resources */ = {
			isa = PBXResourcesBuildPhase;
			buildActionMask = 2147483647;
			files = (
			);
			runOnlyForDeploymentPostprocessing = 0;
		};
		497001AC24A2717500EEF7C2 /* Resources */ = {
			isa = PBXResourcesBuildPhase;
			buildActionMask = 2147483647;
			files = (
				497001B424A2717700EEF7C2 /* Assets.xcassets in Resources */,
			);
			runOnlyForDeploymentPostprocessing = 0;
		};
		497001B824A2717700EEF7C2 /* Resources */ = {
			isa = PBXResourcesBuildPhase;
			buildActionMask = 2147483647;
			files = (
				497001CD24A2717800EEF7C2 /* Preview Assets.xcassets in Resources */,
				497001CA24A2717800EEF7C2 /* Assets.xcassets in Resources */,
			);
			runOnlyForDeploymentPostprocessing = 0;
		};
/* End PBXResourcesBuildPhase section */

/* Begin PBXSourcesBuildPhase section */
		497001B624A2717700EEF7C2 /* Sources */ = {
			isa = PBXSourcesBuildPhase;
			buildActionMask = 2147483647;
			files = (
				49FC537824A7EA8000DE6FBF /* TimetableView.swift in Sources */,
				497001C424A2717700EEF7C2 /* NotificationController.swift in Sources */,
				4940217A24A9060900AD26D6 /* ServiceRowView.swift in Sources */,
				4942E14324A671570010733F /* DepartureDetails.swift in Sources */,
				495228FA24A8446800E7431F /* Helpers.swift in Sources */,
				497001C224A2717700EEF7C2 /* ContentView.swift in Sources */,
				497001C824A2717700EEF7C2 /* ComplicationController.swift in Sources */,
				497001C024A2717700EEF7C2 /* Metro_FinderApp.swift in Sources */,
				497001C624A2717700EEF7C2 /* NotificationView.swift in Sources */,
			);
			runOnlyForDeploymentPostprocessing = 0;
		};
/* End PBXSourcesBuildPhase section */

/* Begin PBXTargetDependency section */
		497001B124A2717500EEF7C2 /* PBXTargetDependency */ = {
			isa = PBXTargetDependency;
			target = 497001AD24A2717500EEF7C2 /* Metro Finder WatchKit App */;
			targetProxy = 497001B024A2717500EEF7C2 /* PBXContainerItemProxy */;
		};
		497001BD24A2717700EEF7C2 /* PBXTargetDependency */ = {
			isa = PBXTargetDependency;
			target = 497001B924A2717700EEF7C2 /* Metro Finder WatchKit Extension */;
			targetProxy = 497001BC24A2717700EEF7C2 /* PBXContainerItemProxy */;
		};
/* End PBXTargetDependency section */

/* Begin XCBuildConfiguration section */
		497001D024A2717800EEF7C2 /* Debug */ = {
			isa = XCBuildConfiguration;
			buildSettings = {
				ALWAYS_SEARCH_USER_PATHS = NO;
				CLANG_ANALYZER_NONNULL = YES;
				CLANG_ANALYZER_NUMBER_OBJECT_CONVERSION = YES_AGGRESSIVE;
				CLANG_CXX_LANGUAGE_STANDARD = "gnu++14";
				CLANG_CXX_LIBRARY = "libc++";
				CLANG_ENABLE_MODULES = YES;
				CLANG_ENABLE_OBJC_ARC = YES;
				CLANG_ENABLE_OBJC_WEAK = YES;
				CLANG_WARN_BLOCK_CAPTURE_AUTORELEASING = YES;
				CLANG_WARN_BOOL_CONVERSION = YES;
				CLANG_WARN_COMMA = YES;
				CLANG_WARN_CONSTANT_CONVERSION = YES;
				CLANG_WARN_DEPRECATED_OBJC_IMPLEMENTATIONS = YES;
				CLANG_WARN_DIRECT_OBJC_ISA_USAGE = YES_ERROR;
				CLANG_WARN_DOCUMENTATION_COMMENTS = YES;
				CLANG_WARN_EMPTY_BODY = YES;
				CLANG_WARN_ENUM_CONVERSION = YES;
				CLANG_WARN_INFINITE_RECURSION = YES;
				CLANG_WARN_INT_CONVERSION = YES;
				CLANG_WARN_NON_LITERAL_NULL_CONVERSION = YES;
				CLANG_WARN_OBJC_IMPLICIT_RETAIN_SELF = YES;
				CLANG_WARN_OBJC_LITERAL_CONVERSION = YES;
				CLANG_WARN_OBJC_ROOT_CLASS = YES_ERROR;
				CLANG_WARN_QUOTED_INCLUDE_IN_FRAMEWORK_HEADER = YES;
				CLANG_WARN_RANGE_LOOP_ANALYSIS = YES;
				CLANG_WARN_STRICT_PROTOTYPES = YES;
				CLANG_WARN_SUSPICIOUS_MOVE = YES;
				CLANG_WARN_UNGUARDED_AVAILABILITY = YES_AGGRESSIVE;
				CLANG_WARN_UNREACHABLE_CODE = YES;
				CLANG_WARN__DUPLICATE_METHOD_MATCH = YES;
				COPY_PHASE_STRIP = NO;
				DEBUG_INFORMATION_FORMAT = dwarf;
				ENABLE_STRICT_OBJC_MSGSEND = YES;
				ENABLE_TESTABILITY = YES;
				GCC_C_LANGUAGE_STANDARD = gnu11;
				GCC_DYNAMIC_NO_PIC = NO;
				GCC_NO_COMMON_BLOCKS = YES;
				GCC_OPTIMIZATION_LEVEL = 0;
				GCC_PREPROCESSOR_DEFINITIONS = (
					"DEBUG=1",
					"$(inherited)",
				);
				GCC_WARN_64_TO_32_BIT_CONVERSION = YES;
				GCC_WARN_ABOUT_RETURN_TYPE = YES_ERROR;
				GCC_WARN_UNDECLARED_SELECTOR = YES;
				GCC_WARN_UNINITIALIZED_AUTOS = YES_AGGRESSIVE;
				GCC_WARN_UNUSED_FUNCTION = YES;
				GCC_WARN_UNUSED_VARIABLE = YES;
				MTL_ENABLE_DEBUG_INFO = INCLUDE_SOURCE;
				MTL_FAST_MATH = YES;
				ONLY_ACTIVE_ARCH = YES;
				SDKROOT = iphoneos;
				SWIFT_ACTIVE_COMPILATION_CONDITIONS = DEBUG;
				SWIFT_OPTIMIZATION_LEVEL = "-Onone";
			};
			name = Debug;
		};
		497001D124A2717800EEF7C2 /* Release */ = {
			isa = XCBuildConfiguration;
			buildSettings = {
				ALWAYS_SEARCH_USER_PATHS = NO;
				CLANG_ANALYZER_NONNULL = YES;
				CLANG_ANALYZER_NUMBER_OBJECT_CONVERSION = YES_AGGRESSIVE;
				CLANG_CXX_LANGUAGE_STANDARD = "gnu++14";
				CLANG_CXX_LIBRARY = "libc++";
				CLANG_ENABLE_MODULES = YES;
				CLANG_ENABLE_OBJC_ARC = YES;
				CLANG_ENABLE_OBJC_WEAK = YES;
				CLANG_WARN_BLOCK_CAPTURE_AUTORELEASING = YES;
				CLANG_WARN_BOOL_CONVERSION = YES;
				CLANG_WARN_COMMA = YES;
				CLANG_WARN_CONSTANT_CONVERSION = YES;
				CLANG_WARN_DEPRECATED_OBJC_IMPLEMENTATIONS = YES;
				CLANG_WARN_DIRECT_OBJC_ISA_USAGE = YES_ERROR;
				CLANG_WARN_DOCUMENTATION_COMMENTS = YES;
				CLANG_WARN_EMPTY_BODY = YES;
				CLANG_WARN_ENUM_CONVERSION = YES;
				CLANG_WARN_INFINITE_RECURSION = YES;
				CLANG_WARN_INT_CONVERSION = YES;
				CLANG_WARN_NON_LITERAL_NULL_CONVERSION = YES;
				CLANG_WARN_OBJC_IMPLICIT_RETAIN_SELF = YES;
				CLANG_WARN_OBJC_LITERAL_CONVERSION = YES;
				CLANG_WARN_OBJC_ROOT_CLASS = YES_ERROR;
				CLANG_WARN_QUOTED_INCLUDE_IN_FRAMEWORK_HEADER = YES;
				CLANG_WARN_RANGE_LOOP_ANALYSIS = YES;
				CLANG_WARN_STRICT_PROTOTYPES = YES;
				CLANG_WARN_SUSPICIOUS_MOVE = YES;
				CLANG_WARN_UNGUARDED_AVAILABILITY = YES_AGGRESSIVE;
				CLANG_WARN_UNREACHABLE_CODE = YES;
				CLANG_WARN__DUPLICATE_METHOD_MATCH = YES;
				COPY_PHASE_STRIP = NO;
				DEBUG_INFORMATION_FORMAT = "dwarf-with-dsym";
				ENABLE_NS_ASSERTIONS = NO;
				ENABLE_STRICT_OBJC_MSGSEND = YES;
				GCC_C_LANGUAGE_STANDARD = gnu11;
				GCC_NO_COMMON_BLOCKS = YES;
				GCC_WARN_64_TO_32_BIT_CONVERSION = YES;
				GCC_WARN_ABOUT_RETURN_TYPE = YES_ERROR;
				GCC_WARN_UNDECLARED_SELECTOR = YES;
				GCC_WARN_UNINITIALIZED_AUTOS = YES_AGGRESSIVE;
				GCC_WARN_UNUSED_FUNCTION = YES;
				GCC_WARN_UNUSED_VARIABLE = YES;
				MTL_ENABLE_DEBUG_INFO = NO;
				MTL_FAST_MATH = YES;
				SDKROOT = iphoneos;
				SWIFT_COMPILATION_MODE = wholemodule;
				SWIFT_OPTIMIZATION_LEVEL = "-O";
				VALIDATE_PRODUCT = YES;
			};
			name = Release;
		};
		497001D324A2717800EEF7C2 /* Debug */ = {
			isa = XCBuildConfiguration;
			buildSettings = {
				ASSETCATALOG_COMPILER_COMPLICATION_NAME = Complication;
				CODE_SIGN_STYLE = Automatic;
				DEVELOPMENT_ASSET_PATHS = "\"Metro Finder WatchKit Extension/Preview Content\"";
				DEVELOPMENT_TEAM = 322WP4362D;
				ENABLE_PREVIEWS = YES;
				INFOPLIST_FILE = "Metro Finder WatchKit Extension/Info.plist";
				LD_RUNPATH_SEARCH_PATHS = (
					"$(inherited)",
					"@executable_path/Frameworks",
					"@executable_path/../../Frameworks",
				);
				PRODUCT_BUNDLE_IDENTIFIER = "com.fordee.Metro-Finder.watchkitapp.watchkitextension";
				PRODUCT_NAME = "${TARGET_NAME}";
				SDKROOT = watchos;
				SKIP_INSTALL = YES;
				SWIFT_VERSION = 5.0;
				TARGETED_DEVICE_FAMILY = 4;
				WATCHOS_DEPLOYMENT_TARGET = 7.0;
			};
			name = Debug;
		};
		497001D424A2717800EEF7C2 /* Release */ = {
			isa = XCBuildConfiguration;
			buildSettings = {
				ASSETCATALOG_COMPILER_COMPLICATION_NAME = Complication;
				CODE_SIGN_STYLE = Automatic;
				DEVELOPMENT_ASSET_PATHS = "\"Metro Finder WatchKit Extension/Preview Content\"";
				DEVELOPMENT_TEAM = 322WP4362D;
				ENABLE_PREVIEWS = YES;
				INFOPLIST_FILE = "Metro Finder WatchKit Extension/Info.plist";
				LD_RUNPATH_SEARCH_PATHS = (
					"$(inherited)",
					"@executable_path/Frameworks",
					"@executable_path/../../Frameworks",
				);
				PRODUCT_BUNDLE_IDENTIFIER = "com.fordee.Metro-Finder.watchkitapp.watchkitextension";
				PRODUCT_NAME = "${TARGET_NAME}";
				SDKROOT = watchos;
				SKIP_INSTALL = YES;
				SWIFT_VERSION = 5.0;
				TARGETED_DEVICE_FAMILY = 4;
				WATCHOS_DEPLOYMENT_TARGET = 7.0;
			};
			name = Release;
		};
		497001D724A2717800EEF7C2 /* Debug */ = {
			isa = XCBuildConfiguration;
			buildSettings = {
				ALWAYS_EMBED_SWIFT_STANDARD_LIBRARIES = YES;
				ASSETCATALOG_COMPILER_APPICON_NAME = AppIcon;
				ASSETCATALOG_COMPILER_GLOBAL_ACCENT_COLOR_NAME = AccentColor;
				CODE_SIGN_STYLE = Automatic;
				DEVELOPMENT_TEAM = 322WP4362D;
				IBSC_MODULE = Metro_Finder_WatchKit_Extension;
				INFOPLIST_FILE = "Metro Finder WatchKit App/Info.plist";
				PRODUCT_BUNDLE_IDENTIFIER = "com.fordee.Metro-Finder.watchkitapp";
				PRODUCT_NAME = "$(TARGET_NAME)";
				SDKROOT = watchos;
				SKIP_INSTALL = YES;
				SWIFT_VERSION = 5.0;
				TARGETED_DEVICE_FAMILY = 4;
				WATCHOS_DEPLOYMENT_TARGET = 7.0;
			};
			name = Debug;
		};
		497001D824A2717800EEF7C2 /* Release */ = {
			isa = XCBuildConfiguration;
			buildSettings = {
				ALWAYS_EMBED_SWIFT_STANDARD_LIBRARIES = YES;
				ASSETCATALOG_COMPILER_APPICON_NAME = AppIcon;
				ASSETCATALOG_COMPILER_GLOBAL_ACCENT_COLOR_NAME = AccentColor;
				CODE_SIGN_STYLE = Automatic;
				DEVELOPMENT_TEAM = 322WP4362D;
				IBSC_MODULE = Metro_Finder_WatchKit_Extension;
				INFOPLIST_FILE = "Metro Finder WatchKit App/Info.plist";
				PRODUCT_BUNDLE_IDENTIFIER = "com.fordee.Metro-Finder.watchkitapp";
				PRODUCT_NAME = "$(TARGET_NAME)";
				SDKROOT = watchos;
				SKIP_INSTALL = YES;
				SWIFT_VERSION = 5.0;
				TARGETED_DEVICE_FAMILY = 4;
				WATCHOS_DEPLOYMENT_TARGET = 7.0;
			};
			name = Release;
		};
		497001DB24A2717800EEF7C2 /* Debug */ = {
			isa = XCBuildConfiguration;
			buildSettings = {
				ASSETCATALOG_COMPILER_GLOBAL_ACCENT_COLOR_NAME = AccentColor;
				CODE_SIGN_STYLE = Automatic;
				CURRENT_PROJECT_VERSION = 1;
				DEVELOPMENT_TEAM = 322WP4362D;
				MARKETING_VERSION = 1.0;
				PRODUCT_BUNDLE_IDENTIFIER = "com.fordee.Metro-Finder";
				PRODUCT_NAME = "$(TARGET_NAME)";
				SWIFT_VERSION = 5.0;
			};
			name = Debug;
		};
		497001DC24A2717800EEF7C2 /* Release */ = {
			isa = XCBuildConfiguration;
			buildSettings = {
				ASSETCATALOG_COMPILER_GLOBAL_ACCENT_COLOR_NAME = AccentColor;
				CODE_SIGN_STYLE = Automatic;
				CURRENT_PROJECT_VERSION = 1;
				DEVELOPMENT_TEAM = 322WP4362D;
				MARKETING_VERSION = 1.0;
				PRODUCT_BUNDLE_IDENTIFIER = "com.fordee.Metro-Finder";
				PRODUCT_NAME = "$(TARGET_NAME)";
				SWIFT_VERSION = 5.0;
			};
			name = Release;
		};
/* End XCBuildConfiguration section */

/* Begin XCConfigurationList section */
		497001A724A2717400EEF7C2 /* Build configuration list for PBXProject "Metro Finder" */ = {
			isa = XCConfigurationList;
			buildConfigurations = (
				497001D024A2717800EEF7C2 /* Debug */,
				497001D124A2717800EEF7C2 /* Release */,
			);
			defaultConfigurationIsVisible = 0;
			defaultConfigurationName = Release;
		};
		497001D224A2717800EEF7C2 /* Build configuration list for PBXNativeTarget "Metro Finder WatchKit Extension" */ = {
			isa = XCConfigurationList;
			buildConfigurations = (
				497001D324A2717800EEF7C2 /* Debug */,
				497001D424A2717800EEF7C2 /* Release */,
			);
			defaultConfigurationIsVisible = 0;
			defaultConfigurationName = Release;
		};
		497001D624A2717800EEF7C2 /* Build configuration list for PBXNativeTarget "Metro Finder WatchKit App" */ = {
			isa = XCConfigurationList;
			buildConfigurations = (
				497001D724A2717800EEF7C2 /* Debug */,
				497001D824A2717800EEF7C2 /* Release */,
			);
			defaultConfigurationIsVisible = 0;
			defaultConfigurationName = Release;
		};
		497001DA24A2717800EEF7C2 /* Build configuration list for PBXNativeTarget "Metro Finder" */ = {
			isa = XCConfigurationList;
			buildConfigurations = (
				497001DB24A2717800EEF7C2 /* Debug */,
				497001DC24A2717800EEF7C2 /* Release */,
			);
			defaultConfigurationIsVisible = 0;
			defaultConfigurationName = Release;
		};
/* End XCConfigurationList section */
	};
	rootObject = 497001A424A2717400EEF7C2 /* Project object */;
}
